
Microsoft Visual Studio Solution File, Format Version 12.00
# Visual Studio 15
VisualStudioVersion = 15.0.28307.1062
MinimumVisualStudioVersion = 10.0.40219.1
Project("{FAE04EC0-301F-11D3-BF4B-00C04F79EFBC}") = "whizlabnetlab1", "whizlabnetlab1\whizlabnetlab1.csproj", "{295FC545-38C7-42B1-9C3B-52FC1DE3F22A}"
EndProject
Global
	GlobalSection(SolutionConfigurationPlatforms) = preSolution
		Debug|Any CPU = Debug|Any CPU
		Release|Any CPU = Release|Any CPU
	EndGlobalSection
	GlobalSection(ProjectConfigurationPlatforms) = postSolution
		{295FC545-38C7-42B1-9C3B-52FC1DE3F22A}.Debug|Any CPU.ActiveCfg = Debug|Any CPU
		{295FC545-38C7-42B1-9C3B-52FC1DE3F22A}.Debug|Any CPU.Build.0 = Debug|Any CPU
		{295FC545-38C7-42B1-9C3B-52FC1DE3F22A}.Release|Any CPU.ActiveCfg = Release|Any CPU
		{295FC545-38C7-42B1-9C3B-52FC1DE3F22A}.Release|Any CPU.Build.0 = Release|Any CPU
	EndGlobalSection
	GlobalSection(SolutionProperties) = preSolution
		HideSolutionNode = FALSE
	EndGlobalSection
	GlobalSection(ExtensibilityGlobals) = postSolution
		SolutionGuid = {8CC3BCF0-85DA-4AE5-95BE-EFF38E6A1922}
	EndGlobalSection
EndGlobal
